
Microsoft Visual Studio Solution File, Format Version 12.00
# Visual Studio Version 17
VisualStudioVersion = 17.5.002.0
MinimumVisualStudioVersion = 10.0.40219.1
Project("{9A19103F-16F7-4668-BE54-9A1E7A4F7556}") = "WebApi", "WebApi.csproj", "{E2E5A93C-0A17-48D5-AC5E-E5F3450A4C7A}"
EndProject
Global
	GlobalSection(SolutionConfigurationPlatforms) = preSolution
		Debug|Any CPU = Debug|Any CPU
		Release|Any CPU = Release|Any CPU
	EndGlobalSection
	GlobalSection(ProjectConfigurationPlatforms) = postSolution
		{E2E5A93C-0A17-48D5-AC5E-E5F3450A4C7A}.Debug|Any CPU.ActiveCfg = Debug|Any CPU
		{E2E5A93C-0A17-48D5-AC5E-E5F3450A4C7A}.Debug|Any CPU.Build.0 = Debug|Any CPU
		{E2E5A93C-0A17-48D5-AC5E-E5F3450A4C7A}.Release|Any CPU.ActiveCfg = Release|Any CPU
		{E2E5A93C-0A17-48D5-AC5E-E5F3450A4C7A}.Release|Any CPU.Build.0 = Release|Any CPU
	EndGlobalSection
	GlobalSection(SolutionProperties) = preSolution
		HideSolutionNode = FALSE
	EndGlobalSection
	GlobalSection(ExtensibilityGlobals) = postSolution
		SolutionGuid = {E160CB14-E268-497A-87E0-6DA1A5FF6DBC}
	EndGlobalSection
EndGlobal
